# Python==3.11.3 (dogrulanmis: bu ortamda scripts/master_predict_hybrid_e_frozen.py,
# gercek data/raw/YARISMA_TRAIN_MASTER.csv (2931 satir) girdisiyle uctan uca calistirildi,
# threshold=0.337 teyit edildi, 2026-09-04). requirements.txt'teki acik araliklarin
# (numpy>=1.26,<3 vb.) bu calisan ortamda cozdugu somut surumler asagida (pip freeze).
catboost==1.2.10
cloudpickle==3.1.2
contourpy==1.3.3
cycler==0.12.1
fonttools==4.64.0
graphviz==0.21
joblib==1.6.0
kiwisolver==1.5.1
lightgbm==4.7.0
matplotlib==3.11.1
narwhals==2.25.0
numpy==2.4.6
packaging==26.3
pandas==3.0.5
pillow==12.3.0
plotly==7.0.0
pyparsing==3.3.2
python-dateutil==2.9.0.post0
scikit-learn==1.9.0
scipy==1.17.1
six==1.17.0
threadpoolctl==3.6.0
tzdata==2026.3
xgboost==3.2.0
